
Microsoft Visual Studio Solution File, Format Version 12.00
# Visual Studio Version 17
VisualStudioVersion = 17.6.33829.357
MinimumVisualStudioVersion = 10.0.40219.1
Project("{FAE04EC0-301F-11D3-BF4B-00C04F79EFBC}") = "SimpleSearch", "SimpleSearch.csproj", "{FA06A8D2-63E7-47EF-89B9-E382FFD96AD1}"
EndProject
Global
	GlobalSection(SolutionConfigurationPlatforms) = preSolution
		Debug|Any CPU = Debug|Any CPU
		Release|Any CPU = Release|Any CPU
	EndGlobalSection
	GlobalSection(ProjectConfigurationPlatforms) = postSolution
		{FA06A8D2-63E7-47EF-89B9-E382FFD96AD1}.Debug|Any CPU.ActiveCfg = Debug|Any CPU
		{FA06A8D2-63E7-47EF-89B9-E382FFD96AD1}.Debug|Any CPU.Build.0 = Debug|Any CPU
		{FA06A8D2-63E7-47EF-89B9-E382FFD96AD1}.Release|Any CPU.ActiveCfg = Release|Any CPU
		{FA06A8D2-63E7-47EF-89B9-E382FFD96AD1}.Release|Any CPU.Build.0 = Release|Any CPU
	EndGlobalSection
	GlobalSection(SolutionProperties) = preSolution
		HideSolutionNode = FALSE
	EndGlobalSection
	GlobalSection(ExtensibilityGlobals) = postSolution
		SolutionGuid = {89ED9082-FE22-452A-AA7D-A05069E83537}
	EndGlobalSection
EndGlobal
